
Microsoft Visual Studio Solution File, Format Version 12.00
# Visual Studio Version 17
VisualStudioVersion = 17.7.34024.191
MinimumVisualStudioVersion = 10.0.40219.1
Project("{F184B08F-C81C-45F6-A57F-5ABD9991F28F}") = "Friend List 2", "Friend List 2\Friend List 2.vbproj", "{93DFD59D-7A2F-4545-A13E-AC6B01389600}"
EndProject
Global
	GlobalSection(SolutionConfigurationPlatforms) = preSolution
		Debug|Any CPU = Debug|Any CPU
		Release|Any CPU = Release|Any CPU
	EndGlobalSection
	GlobalSection(ProjectConfigurationPlatforms) = postSolution
		{93DFD59D-7A2F-4545-A13E-AC6B01389600}.Debug|Any CPU.ActiveCfg = Debug|Any CPU
		{93DFD59D-7A2F-4545-A13E-AC6B01389600}.Debug|Any CPU.Build.0 = Debug|Any CPU
		{93DFD59D-7A2F-4545-A13E-AC6B01389600}.Release|Any CPU.ActiveCfg = Release|Any CPU
		{93DFD59D-7A2F-4545-A13E-AC6B01389600}.Release|Any CPU.Build.0 = Release|Any CPU
	EndGlobalSection
	GlobalSection(SolutionProperties) = preSolution
		HideSolutionNode = FALSE
	EndGlobalSection
	GlobalSection(ExtensibilityGlobals) = postSolution
		SolutionGuid = {8B692341-05F5-4E03-9E89-01CA6543ABC9}
	EndGlobalSection
EndGlobal
