
Microsoft Visual Studio Solution File, Format Version 12.00
# Visual Studio Version 17
VisualStudioVersion = 17.7.34024.191
MinimumVisualStudioVersion = 10.0.40219.1
Project("{F184B08F-C81C-45F6-A57F-5ABD9991F28F}") = "Shopping Cart", "Shopping Cart\Shopping Cart.vbproj", "{5003789C-E4E2-44F6-B687-D3D19B53254E}"
EndProject
Global
	GlobalSection(SolutionConfigurationPlatforms) = preSolution
		Debug|Any CPU = Debug|Any CPU
		Release|Any CPU = Release|Any CPU
	EndGlobalSection
	GlobalSection(ProjectConfigurationPlatforms) = postSolution
		{5003789C-E4E2-44F6-B687-D3D19B53254E}.Debug|Any CPU.ActiveCfg = Debug|Any CPU
		{5003789C-E4E2-44F6-B687-D3D19B53254E}.Debug|Any CPU.Build.0 = Debug|Any CPU
		{5003789C-E4E2-44F6-B687-D3D19B53254E}.Release|Any CPU.ActiveCfg = Release|Any CPU
		{5003789C-E4E2-44F6-B687-D3D19B53254E}.Release|Any CPU.Build.0 = Release|Any CPU
	EndGlobalSection
	GlobalSection(SolutionProperties) = preSolution
		HideSolutionNode = FALSE
	EndGlobalSection
	GlobalSection(ExtensibilityGlobals) = postSolution
		SolutionGuid = {B09F04CE-FE6D-4000-BFA7-A1FCED9C44CC}
	EndGlobalSection
EndGlobal
