
Microsoft Visual Studio Solution File, Format Version 12.00
# Visual Studio Version 17
VisualStudioVersion = 17.7.34024.191
MinimumVisualStudioVersion = 10.0.40219.1
Project("{F184B08F-C81C-45F6-A57F-5ABD9991F28F}") = "Tip Calculator", "Tip Calculator\Tip Calculator.vbproj", "{5E3B5E65-1EB1-435D-8835-9965C4F153B3}"
EndProject
Global
	GlobalSection(SolutionConfigurationPlatforms) = preSolution
		Debug|Any CPU = Debug|Any CPU
		Release|Any CPU = Release|Any CPU
	EndGlobalSection
	GlobalSection(ProjectConfigurationPlatforms) = postSolution
		{5E3B5E65-1EB1-435D-8835-9965C4F153B3}.Debug|Any CPU.ActiveCfg = Debug|Any CPU
		{5E3B5E65-1EB1-435D-8835-9965C4F153B3}.Debug|Any CPU.Build.0 = Debug|Any CPU
		{5E3B5E65-1EB1-435D-8835-9965C4F153B3}.Release|Any CPU.ActiveCfg = Release|Any CPU
		{5E3B5E65-1EB1-435D-8835-9965C4F153B3}.Release|Any CPU.Build.0 = Release|Any CPU
	EndGlobalSection
	GlobalSection(SolutionProperties) = preSolution
		HideSolutionNode = FALSE
	EndGlobalSection
	GlobalSection(ExtensibilityGlobals) = postSolution
		SolutionGuid = {D1DAF3F7-9BA7-4E77-83F5-7E61471B5591}
	EndGlobalSection
EndGlobal
